// !$*UTF8*$!
{
	archiveVersion = 1;
	classes = {
	};
	objectVersion = 56;
	objects = {

/* Begin PBXBuildFile section */
		0402C6432A0EA09600238C51 /* FirebaseAnalytics in Frameworks */ = {isa = PBXBuildFile; productRef = 0402C6422A0EA09600238C51 /* FirebaseAnalytics */; };
		0402C6452A0EA0BD00238C51 /* Analytics.swift in Sources */ = {isa = PBXBuildFile; fileRef = 0402C6442A0EA0BD00238C51 /* Analytics.swift */; };
		0402C6472A0EA12700238C51 /* Emails.swift in Sources */ = {isa = PBXBuildFile; fileRef = 0402C6462A0EA12700238C51 /* Emails.swift */; };
		0402C6492A0EA37B00238C51 /* GoogleService-Info.plist in Resources */ = {isa = PBXBuildFile; fileRef = 0402C6482A0EA37B00238C51 /* GoogleService-Info.plist */; };
		0402C71D2A1A74B900238C51 /* Constants.swift in Sources */ = {isa = PBXBuildFile; fileRef = 0402C71C2A1A74B900238C51 /* Constants.swift */; };
		0402C71F2A1A755000238C51 /* String.swift in Sources */ = {isa = PBXBuildFile; fileRef = 0402C71E2A1A755000238C51 /* String.swift */; };
		0402C7212A1A780400238C51 /* SizeDetector.swift in Sources */ = {isa = PBXBuildFile; fileRef = 0402C7202A1A780400238C51 /* SizeDetector.swift */; };
		0402C7232A1A7D4300238C51 /* TrailTrips.swift in Sources */ = {isa = PBXBuildFile; fileRef = 0402C7222A1A7D4300238C51 /* TrailTrips.swift */; };
		0402C7252A1A7D8900238C51 /* TrailSort.swift in Sources */ = {isa = PBXBuildFile; fileRef = 0402C7242A1A7D8900238C51 /* TrailSort.swift */; };
		0402C7292A1A954300238C51 /* TrailFilter.swift in Sources */ = {isa = PBXBuildFile; fileRef = 0402C7282A1A954300238C51 /* TrailFilter.swift */; };
		0416F156299E91B000B90E68 /* TrailsApp.swift in Sources */ = {isa = PBXBuildFile; fileRef = 0416F155299E91B000B90E68 /* TrailsApp.swift */; };
		0416F15A299E91B200B90E68 /* Assets.xcassets in Resources */ = {isa = PBXBuildFile; fileRef = 0416F159299E91B200B90E68 /* Assets.xcassets */; };
		0416F16C299E930400B90E68 /* Trail.swift in Sources */ = {isa = PBXBuildFile; fileRef = 0416F16B299E930400B90E68 /* Trail.swift */; };
		0416F176299EF9FC00B90E68 /* View.swift in Sources */ = {isa = PBXBuildFile; fileRef = 0416F170299EF9FC00B90E68 /* View.swift */; };
		0416F177299EF9FC00B90E68 /* Collection.swift in Sources */ = {isa = PBXBuildFile; fileRef = 0416F171299EF9FC00B90E68 /* Collection.swift */; };
		0416F179299EF9FC00B90E68 /* MKMultiPoint.swift in Sources */ = {isa = PBXBuildFile; fileRef = 0416F173299EF9FC00B90E68 /* MKMultiPoint.swift */; };
		0416F17A299EF9FC00B90E68 /* CLLocationCoordinate2D.swift in Sources */ = {isa = PBXBuildFile; fileRef = 0416F174299EF9FC00B90E68 /* CLLocationCoordinate2D.swift */; };
		0416F17B299EF9FC00B90E68 /* Double.swift in Sources */ = {isa = PBXBuildFile; fileRef = 0416F175299EF9FC00B90E68 /* Double.swift */; };
		0416F17D299EFA0B00B90E68 /* Launch Screen.storyboard in Resources */ = {isa = PBXBuildFile; fileRef = 0416F17C299EFA0B00B90E68 /* Launch Screen.storyboard */; };
		0416F18A299EFB9100B90E68 /* ViewModel.swift in Sources */ = {isa = PBXBuildFile; fileRef = 0416F182299EFB9100B90E68 /* ViewModel.swift */; };
		0416F18B299EFB9100B90E68 /* Haptics.swift in Sources */ = {isa = PBXBuildFile; fileRef = 0416F183299EFB9100B90E68 /* Haptics.swift */; };
		0416F1A1299EFB9D00B90E68 /* SelectBar.swift in Sources */ = {isa = PBXBuildFile; fileRef = 0416F190299EFB9C00B90E68 /* SelectBar.swift */; };
		0416F1A2299EFB9D00B90E68 /* MapView.swift in Sources */ = {isa = PBXBuildFile; fileRef = 0416F191299EFB9C00B90E68 /* MapView.swift */; };
		0416F1A3299EFB9D00B90E68 /* RootView.swift in Sources */ = {isa = PBXBuildFile; fileRef = 0416F192299EFB9C00B90E68 /* RootView.swift */; };
		0416F1A5299EFB9D00B90E68 /* ShareView.swift in Sources */ = {isa = PBXBuildFile; fileRef = 0416F195299EFB9C00B90E68 /* ShareView.swift */; };
		0416F1A7299EFB9D00B90E68 /* SearchBar.swift in Sources */ = {isa = PBXBuildFile; fileRef = 0416F198299EFB9C00B90E68 /* SearchBar.swift */; };
		0416F1B6299F02AA00B90E68 /* Trails.xcdatamodeld in Sources */ = {isa = PBXBuildFile; fileRef = 0416F1B4299F02AA00B90E68 /* Trails.xcdatamodeld */; };
		0416F1BD29A1692100B90E68 /* NSObject.swift in Sources */ = {isa = PBXBuildFile; fileRef = 0416F1BC29A1692100B90E68 /* NSObject.swift */; };
		0421202429C90E08003DE52F /* Array.swift in Sources */ = {isa = PBXBuildFile; fileRef = 0421202329C90E08003DE52F /* Array.swift */; };
		0421202629C9184D003DE52F /* WiFiError.swift in Sources */ = {isa = PBXBuildFile; fileRef = 0421202529C9184D003DE52F /* WiFiError.swift */; };
		0421202929C91E03003DE52F /* WebUIView.swift in Sources */ = {isa = PBXBuildFile; fileRef = 0421202829C91E03003DE52F /* WebUIView.swift */; };
		0421202B29C929C1003DE52F /* CLLocation.swift in Sources */ = {isa = PBXBuildFile; fileRef = 0421202A29C929C1003DE52F /* CLLocation.swift */; };
		04626BF529C1E086004880E3 /* Metadata.json in Resources */ = {isa = PBXBuildFile; fileRef = 04626BF329C1E085004880E3 /* Metadata.json */; };
		04626BFA29C24297004880E3 /* Annotation.swift in Sources */ = {isa = PBXBuildFile; fileRef = 04626BF929C24297004880E3 /* Annotation.swift */; };
		04626BFE29C24EE7004880E3 /* TrailsView.swift in Sources */ = {isa = PBXBuildFile; fileRef = 04626BFD29C24EE7004880E3 /* TrailsView.swift */; };
		04626C0029C25714004880E3 /* TrailRow.swift in Sources */ = {isa = PBXBuildFile; fileRef = 04626BFF29C25714004880E3 /* TrailRow.swift */; };
		048E5F2029C38A0A0080355B /* WebView.swift in Sources */ = {isa = PBXBuildFile; fileRef = 048E5F1F29C38A0A0080355B /* WebView.swift */; };
		048E5F2229C38A930080355B /* WebVM.swift in Sources */ = {isa = PBXBuildFile; fileRef = 048E5F2129C38A930080355B /* WebVM.swift */; };
		04C71F692A06D3F600417249 /* Thames Path.geojson in Resources */ = {isa = PBXBuildFile; fileRef = 04C71F3D2A06D3F600417249 /* Thames Path.geojson */; };
		04C71F6A2A06D3F600417249 /* Arran Coastal Way.geojson in Resources */ = {isa = PBXBuildFile; fileRef = 04C71F3E2A06D3F600417249 /* Arran Coastal Way.geojson */; };
		04C71F6B2A06D3F600417249 /* Three Lochs Way.geojson in Resources */ = {isa = PBXBuildFile; fileRef = 04C71F3F2A06D3F600417249 /* Three Lochs Way.geojson */; };
		04C71F6C2A06D3F600417249 /* Rob Roy Way.geojson in Resources */ = {isa = PBXBuildFile; fileRef = 04C71F402A06D3F600417249 /* Rob Roy Way.geojson */; };
		04C71F6D2A06D3F600417249 /* Hadrian's Wall Path.geojson in Resources */ = {isa = PBXBuildFile; fileRef = 04C71F412A06D3F600417249 /* Hadrian's Wall Path.geojson */; };
		04C71F6E2A06D3F600417249 /* South Downs Way.geojson in Resources */ = {isa = PBXBuildFile; fileRef = 04C71F422A06D3F600417249 /* South Downs Way.geojson */; };
		04C71F6F2A06D3F600417249 /* Cateran Trail.geojson in Resources */ = {isa = PBXBuildFile; fileRef = 04C71F432A06D3F600417249 /* Cateran Trail.geojson */; };
		04C71F702A06D3F600417249 /* Forth & Clyde and Union Canal Towpath.geojson in Resources */ = {isa = PBXBuildFile; fileRef = 04C71F442A06D3F600417249 /* Forth & Clyde and Union Canal Towpath.geojson */; };
		04C71F712A06D3F600417249 /* Dava Way.geojson in Resources */ = {isa = PBXBuildFile; fileRef = 04C71F452A06D3F600417249 /* Dava Way.geojson */; };
		04C71F722A06D3F600417249 /* Moray Coast Trail.geojson in Resources */ = {isa = PBXBuildFile; fileRef = 04C71F462A06D3F600417249 /* Moray Coast Trail.geojson */; };
		04C71F732A06D3F600417249 /* Cotswold Way.geojson in Resources */ = {isa = PBXBuildFile; fileRef = 04C71F472A06D3F600417249 /* Cotswold Way.geojson */; };
		04C71F742A06D3F600417249 /* West Highland Way.geojson in Resources */ = {isa = PBXBuildFile; fileRef = 04C71F482A06D3F600417249 /* West Highland Way.geojson */; };
		04C71F752A06D3F600417249 /* Peddars Way and Norfolk Coast Path.geojson in Resources */ = {isa = PBXBuildFile; fileRef = 04C71F492A06D3F600417249 /* Peddars Way and Norfolk Coast Path.geojson */; };
		04C71F762A06D3F600417249 /* Offa's Dyke Path.geojson in Resources */ = {isa = PBXBuildFile; fileRef = 04C71F4A2A06D3F600417249 /* Offa's Dyke Path.geojson */; };
		04C71F772A06D3F600417249 /* South West Coast Path.geojson in Resources */ = {isa = PBXBuildFile; fileRef = 04C71F4B2A06D3F600417249 /* South West Coast Path.geojson */; };
		04C71F782A06D3F600417249 /* North Downs Way.geojson in Resources */ = {isa = PBXBuildFile; fileRef = 04C71F4C2A06D3F600417249 /* North Downs Way.geojson */; };
		04C71F792A06D3F600417249 /* Loch Lomond and Cowal Way.geojson in Resources */ = {isa = PBXBuildFile; fileRef = 04C71F4D2A06D3F600417249 /* Loch Lomond and Cowal Way.geojson */; };
		04C71F7A2A06D3F600417249 /* Pennine Bridleway.geojson in Resources */ = {isa = PBXBuildFile; fileRef = 04C71F4E2A06D3F600417249 /* Pennine Bridleway.geojson */; };
		04C71F7B2A06D3F600417249 /* St Cuthbert's Way.geojson in Resources */ = {isa = PBXBuildFile; fileRef = 04C71F4F2A06D3F600417249 /* St Cuthbert's Way.geojson */; };
		04C71F7C2A06D3F600417249 /* The Ridgeway.geojson in Resources */ = {isa = PBXBuildFile; fileRef = 04C71F502A06D3F600417249 /* The Ridgeway.geojson */; };
		04C71F7D2A06D3F600417249 /* Mull of Galloway Trail.geojson in Resources */ = {isa = PBXBuildFile; fileRef = 04C71F512A06D3F600417249 /* Mull of Galloway Trail.geojson */; };
		04C71F7E2A06D3F600417249 /* Fife Coastal Path.geojson in Resources */ = {isa = PBXBuildFile; fileRef = 04C71F522A06D3F600417249 /* Fife Coastal Path.geojson */; };
		04C71F7F2A06D3F600417249 /* Ulster Way.geojson in Resources */ = {isa = PBXBuildFile; fileRef = 04C71F532A06D3F600417249 /* Ulster Way.geojson */; };
		04C71F802A06D3F600417249 /* Kintyre Way.geojson in Resources */ = {isa = PBXBuildFile; fileRef = 04C71F542A06D3F600417249 /* Kintyre Way.geojson */; };
		04C71F812A06D3F600417249 /* Ayrshire Coastal Path.geojson in Resources */ = {isa = PBXBuildFile; fileRef = 04C71F552A06D3F600417249 /* Ayrshire Coastal Path.geojson */; };
		04C71F822A06D3F600417249 /* Yorkshire Wolds Way.geojson in Resources */ = {isa = PBXBuildFile; fileRef = 04C71F562A06D3F600417249 /* Yorkshire Wolds Way.geojson */; };
		04C71F832A06D3F600417249 /* Romans and Reivers Route.geojson in Resources */ = {isa = PBXBuildFile; fileRef = 04C71F572A06D3F600417249 /* Romans and Reivers Route.geojson */; };
		04C71F842A06D3F600417249 /* Pennine Way.geojson in Resources */ = {isa = PBXBuildFile; fileRef = 04C71F582A06D3F600417249 /* Pennine Way.geojson */; };
		04C71F852A06D3F600417249 /* Great Glen Way.geojson in Resources */ = {isa = PBXBuildFile; fileRef = 04C71F592A06D3F600417249 /* Great Glen Way.geojson */; };
		04C71F862A06D3F600417249 /* Southern Upland Way.geojson in Resources */ = {isa = PBXBuildFile; fileRef = 04C71F5A2A06D3F600417249 /* Southern Upland Way.geojson */; };
		04C71F872A06D3F600417249 /* Formartine and Buchan Way.geojson in Resources */ = {isa = PBXBuildFile; fileRef = 04C71F5B2A06D3F600417249 /* Formartine and Buchan Way.geojson */; };
		04C71F882A06D3F600417249 /* Cleveland Way.geojson in Resources */ = {isa = PBXBuildFile; fileRef = 04C71F5C2A06D3F600417249 /* Cleveland Way.geojson */; };
		04C71F892A06D3F600417249 /* Pembrokeshire Coast Path.geojson in Resources */ = {isa = PBXBuildFile; fileRef = 04C71F5D2A06D3F600417249 /* Pembrokeshire Coast Path.geojson */; };
		04C71F8A2A06D3F600417249 /* Borders Abbeys Way.geojson in Resources */ = {isa = PBXBuildFile; fileRef = 04C71F5E2A06D3F600417249 /* Borders Abbeys Way.geojson */; };
		04C71F8B2A06D3F600417249 /* Berwickshire Coastal Path.geojson in Resources */ = {isa = PBXBuildFile; fileRef = 04C71F5F2A06D3F600417249 /* Berwickshire Coastal Path.geojson */; };
		04C71F8C2A06D3F600417249 /* Glyndŵr's Way.geojson in Resources */ = {isa = PBXBuildFile; fileRef = 04C71F602A06D3F600417249 /* Glyndŵr's Way.geojson */; };
		04C71F8D2A06D3F600417249 /* Speyside Way.geojson in Resources */ = {isa = PBXBuildFile; fileRef = 04C71F612A06D3F600417249 /* Speyside Way.geojson */; };
		04C71F8E2A06D3F600417249 /* Clyde Walkway.geojson in Resources */ = {isa = PBXBuildFile; fileRef = 04C71F622A06D3F600417249 /* Clyde Walkway.geojson */; };
		04C71F8F2A06D3F600417249 /* River Ayr Way.geojson in Resources */ = {isa = PBXBuildFile; fileRef = 04C71F632A06D3F600417249 /* River Ayr Way.geojson */; };
		04C71F902A06D3F600417249 /* Annandale Way.geojson in Resources */ = {isa = PBXBuildFile; fileRef = 04C71F642A06D3F600417249 /* Annandale Way.geojson */; };
		04C71F912A06D3F600417249 /* John Muir Way.geojson in Resources */ = {isa = PBXBuildFile; fileRef = 04C71F652A06D3F600417249 /* John Muir Way.geojson */; };
		04C71F922A06D3F600417249 /* Cross Borders Drove Road.geojson in Resources */ = {isa = PBXBuildFile; fileRef = 04C71F662A06D3F600417249 /* Cross Borders Drove Road.geojson */; };
		04C71F932A06D3F600417249 /* West Island Way.geojson in Resources */ = {isa = PBXBuildFile; fileRef = 04C71F672A06D3F600417249 /* West Island Way.geojson */; };
		04C71F942A06D3F600417249 /* Great Trossachs Path.geojson in Resources */ = {isa = PBXBuildFile; fileRef = 04C71F682A06D3F600417249 /* Great Trossachs Path.geojson */; };
		04CEDFC629A2E4DA00810005 /* DraggableBar.swift in Sources */ = {isa = PBXBuildFile; fileRef = 04CEDFC329A2E4DA00810005 /* DraggableBar.swift */; };
		04CEDFCB29A2E50700810005 /* Storage.swift in Sources */ = {isa = PBXBuildFile; fileRef = 04CEDFC829A2E50700810005 /* Storage.swift */; };
		04CEDFCD29A2E50700810005 /* Store.swift in Sources */ = {isa = PBXBuildFile; fileRef = 04CEDFCA29A2E50700810005 /* Store.swift */; };
		04CEDFDB29A2E60400810005 /* InfoView.swift in Sources */ = {isa = PBXBuildFile; fileRef = 04CEDFDA29A2E60400810005 /* InfoView.swift */; };
		04CEDFDD29A2E66200810005 /* DismissCross.swift in Sources */ = {isa = PBXBuildFile; fileRef = 04CEDFDC29A2E66200810005 /* DismissCross.swift */; };
		04CEDFE129A2EADB00810005 /* SelectionBar.swift in Sources */ = {isa = PBXBuildFile; fileRef = 04CEDFE029A2EADB00810005 /* SelectionBar.swift */; };
		04CEDFE529A2EC3500810005 /* MapButtons.swift in Sources */ = {isa = PBXBuildFile; fileRef = 04CEDFE429A2EC3500810005 /* MapButtons.swift */; };
		04E0E90129EEDF9D00EB08CC /* Sheet.swift in Sources */ = {isa = PBXBuildFile; fileRef = 04E0E90029EEDF9D00EB08CC /* Sheet.swift */; };
		04E0E90629EEF5BD00EB08CC /* Int.swift in Sources */ = {isa = PBXBuildFile; fileRef = 04E0E90529EEF5BD00EB08CC /* Int.swift */; };
		04E0E90829EF2BBD00EB08CC /* TrailView.swift in Sources */ = {isa = PBXBuildFile; fileRef = 04E0E90729EF2BBD00EB08CC /* TrailView.swift */; };
		04E0E90C29EF32A800EB08CC /* Font.swift in Sources */ = {isa = PBXBuildFile; fileRef = 04E0E90B29EF32A800EB08CC /* Font.swift */; };
		04E0E90E29EF33CB00EB08CC /* BigLabel.swift in Sources */ = {isa = PBXBuildFile; fileRef = 04E0E90D29EF33CB00EB08CC /* BigLabel.swift */; };
		04E0E91029EF65AB00EB08CC /* Animation.swift in Sources */ = {isa = PBXBuildFile; fileRef = 04E0E90F29EF65AB00EB08CC /* Animation.swift */; };
		04E0E91229EF704400EB08CC /* SearchScope.swift in Sources */ = {isa = PBXBuildFile; fileRef = 04E0E91129EF704400EB08CC /* SearchScope.swift */; };
		04E0E91429EF717600EB08CC /* SearchView.swift in Sources */ = {isa = PBXBuildFile; fileRef = 04E0E91329EF717600EB08CC /* SearchView.swift */; };
		04E0E91629F0302500EB08CC /* TrailImage.swift in Sources */ = {isa = PBXBuildFile; fileRef = 04E0E91529F0302500EB08CC /* TrailImage.swift */; };
		04E0E91829F06CFD00EB08CC /* CarbonCopy.swift in Sources */ = {isa = PBXBuildFile; fileRef = 04E0E91729F06CFD00EB08CC /* CarbonCopy.swift */; };
		04E7185329C7CC0400876116 /* MKCoordinateRegion.swift in Sources */ = {isa = PBXBuildFile; fileRef = 04E7185229C7CC0400876116 /* MKCoordinateRegion.swift */; };
		04FCA9F32A1BFE50007B5817 /* Search.swift in Sources */ = {isa = PBXBuildFile; fileRef = 04FCA9F22A1BFE50007B5817 /* Search.swift */; };
		04FCA9F52A1C090F007B5817 /* MKPointOfInterestCategory.swift in Sources */ = {isa = PBXBuildFile; fileRef = 04FCA9F42A1C090F007B5817 /* MKPointOfInterestCategory.swift */; };
		04FFC98B29CA6A4900BF77FD /* EmailView.swift in Sources */ = {isa = PBXBuildFile; fileRef = 04FFC98A29CA6A4900BF77FD /* EmailView.swift */; };
/* End PBXBuildFile section */

/* Begin PBXFileReference section */
		0402C6442A0EA0BD00238C51 /* Analytics.swift */ = {isa = PBXFileReference; lastKnownFileType = sourcecode.swift; path = Analytics.swift; sourceTree = "<group>"; };
		0402C6462A0EA12700238C51 /* Emails.swift */ = {isa = PBXFileReference; lastKnownFileType = sourcecode.swift; path = Emails.swift; sourceTree = "<group>"; };
		0402C6482A0EA37B00238C51 /* GoogleService-Info.plist */ = {isa = PBXFileReference; fileEncoding = 4; lastKnownFileType = text.plist.xml; path = "GoogleService-Info.plist"; sourceTree = "<group>"; };
		0402C71C2A1A74B900238C51 /* Constants.swift */ = {isa = PBXFileReference; lastKnownFileType = sourcecode.swift; path = Constants.swift; sourceTree = "<group>"; };
		0402C71E2A1A755000238C51 /* String.swift */ = {isa = PBXFileReference; lastKnownFileType = sourcecode.swift; path = String.swift; sourceTree = "<group>"; };
		0402C7202A1A780400238C51 /* SizeDetector.swift */ = {isa = PBXFileReference; lastKnownFileType = sourcecode.swift; path = SizeDetector.swift; sourceTree = "<group>"; };
		0402C7222A1A7D4300238C51 /* TrailTrips.swift */ = {isa = PBXFileReference; lastKnownFileType = sourcecode.swift; path = TrailTrips.swift; sourceTree = "<group>"; };
		0402C7242A1A7D8900238C51 /* TrailSort.swift */ = {isa = PBXFileReference; lastKnownFileType = sourcecode.swift; path = TrailSort.swift; sourceTree = "<group>"; };
		0402C7282A1A954300238C51 /* TrailFilter.swift */ = {isa = PBXFileReference; lastKnownFileType = sourcecode.swift; path = TrailFilter.swift; sourceTree = "<group>"; };
		0416F152299E91B000B90E68 /* Trails.app */ = {isa = PBXFileReference; explicitFileType = wrapper.application; includeInIndex = 0; path = Trails.app; sourceTree = BUILT_PRODUCTS_DIR; };
		0416F155299E91B000B90E68 /* TrailsApp.swift */ = {isa = PBXFileReference; lastKnownFileType = sourcecode.swift; path = TrailsApp.swift; sourceTree = "<group>"; };
		0416F159299E91B200B90E68 /* Assets.xcassets */ = {isa = PBXFileReference; lastKnownFileType = folder.assetcatalog; path = Assets.xcassets; sourceTree = "<group>"; };
		0416F16B299E930400B90E68 /* Trail.swift */ = {isa = PBXFileReference; lastKnownFileType = sourcecode.swift; path = Trail.swift; sourceTree = "<group>"; };
		0416F170299EF9FC00B90E68 /* View.swift */ = {isa = PBXFileReference; fileEncoding = 4; lastKnownFileType = sourcecode.swift; path = View.swift; sourceTree = "<group>"; };
		0416F171299EF9FC00B90E68 /* Collection.swift */ = {isa = PBXFileReference; fileEncoding = 4; lastKnownFileType = sourcecode.swift; path = Collection.swift; sourceTree = "<group>"; };
		0416F173299EF9FC00B90E68 /* MKMultiPoint.swift */ = {isa = PBXFileReference; fileEncoding = 4; lastKnownFileType = sourcecode.swift; path = MKMultiPoint.swift; sourceTree = "<group>"; };
		0416F174299EF9FC00B90E68 /* CLLocationCoordinate2D.swift */ = {isa = PBXFileReference; fileEncoding = 4; lastKnownFileType = sourcecode.swift; path = CLLocationCoordinate2D.swift; sourceTree = "<group>"; };
		0416F175299EF9FC00B90E68 /* Double.swift */ = {isa = PBXFileReference; fileEncoding = 4; lastKnownFileType = sourcecode.swift; path = Double.swift; sourceTree = "<group>"; };
		0416F17C299EFA0B00B90E68 /* Launch Screen.storyboard */ = {isa = PBXFileReference; lastKnownFileType = file.storyboard; path = "Launch Screen.storyboard"; sourceTree = "<group>"; };
		0416F182299EFB9100B90E68 /* ViewModel.swift */ = {isa = PBXFileReference; fileEncoding = 4; lastKnownFileType = sourcecode.swift; path = ViewModel.swift; sourceTree = "<group>"; };
		0416F183299EFB9100B90E68 /* Haptics.swift */ = {isa = PBXFileReference; fileEncoding = 4; lastKnownFileType = sourcecode.swift; path = Haptics.swift; sourceTree = "<group>"; };
		0416F190299EFB9C00B90E68 /* SelectBar.swift */ = {isa = PBXFileReference; fileEncoding = 4; lastKnownFileType = sourcecode.swift; path = SelectBar.swift; sourceTree = "<group>"; };
		0416F191299EFB9C00B90E68 /* MapView.swift */ = {isa = PBXFileReference; fileEncoding = 4; lastKnownFileType = sourcecode.swift; path = MapView.swift; sourceTree = "<group>"; };
		0416F192299EFB9C00B90E68 /* RootView.swift */ = {isa = PBXFileReference; fileEncoding = 4; lastKnownFileType = sourcecode.swift; path = RootView.swift; sourceTree = "<group>"; };
		0416F195299EFB9C00B90E68 /* ShareView.swift */ = {isa = PBXFileReference; fileEncoding = 4; lastKnownFileType = sourcecode.swift; path = ShareView.swift; sourceTree = "<group>"; };
		0416F198299EFB9C00B90E68 /* SearchBar.swift */ = {isa = PBXFileReference; fileEncoding = 4; lastKnownFileType = sourcecode.swift; path = SearchBar.swift; sourceTree = "<group>"; };
		0416F1B5299F02AA00B90E68 /* Trails.xcdatamodel */ = {isa = PBXFileReference; lastKnownFileType = wrapper.xcdatamodel; path = Trails.xcdatamodel; sourceTree = "<group>"; };
		0416F1BC29A1692100B90E68 /* NSObject.swift */ = {isa = PBXFileReference; lastKnownFileType = sourcecode.swift; path = NSObject.swift; sourceTree = "<group>"; };
		0421202329C90E08003DE52F /* Array.swift */ = {isa = PBXFileReference; lastKnownFileType = sourcecode.swift; path = Array.swift; sourceTree = "<group>"; };
		0421202529C9184D003DE52F /* WiFiError.swift */ = {isa = PBXFileReference; lastKnownFileType = sourcecode.swift; path = WiFiError.swift; sourceTree = "<group>"; };
		0421202829C91E03003DE52F /* WebUIView.swift */ = {isa = PBXFileReference; lastKnownFileType = sourcecode.swift; path = WebUIView.swift; sourceTree = "<group>"; };
		0421202A29C929C1003DE52F /* CLLocation.swift */ = {isa = PBXFileReference; lastKnownFileType = sourcecode.swift; path = CLLocation.swift; sourceTree = "<group>"; };
		04626BF329C1E085004880E3 /* Metadata.json */ = {isa = PBXFileReference; fileEncoding = 4; lastKnownFileType = text.json; path = Metadata.json; sourceTree = "<group>"; };
		04626BF929C24297004880E3 /* Annotation.swift */ = {isa = PBXFileReference; fileEncoding = 4; lastKnownFileType = sourcecode.swift; path = Annotation.swift; sourceTree = "<group>"; };
		04626BFD29C24EE7004880E3 /* TrailsView.swift */ = {isa = PBXFileReference; lastKnownFileType = sourcecode.swift; path = TrailsView.swift; sourceTree = "<group>"; };
		04626BFF29C25714004880E3 /* TrailRow.swift */ = {isa = PBXFileReference; lastKnownFileType = sourcecode.swift; path = TrailRow.swift; sourceTree = "<group>"; };
		048E5F1F29C38A0A0080355B /* WebView.swift */ = {isa = PBXFileReference; lastKnownFileType = sourcecode.swift; path = WebView.swift; sourceTree = "<group>"; };
		048E5F2129C38A930080355B /* WebVM.swift */ = {isa = PBXFileReference; lastKnownFileType = sourcecode.swift; path = WebVM.swift; sourceTree = "<group>"; };
		04C71F3D2A06D3F600417249 /* Thames Path.geojson */ = {isa = PBXFileReference; fileEncoding = 4; lastKnownFileType = text; path = "Thames Path.geojson"; sourceTree = "<group>"; };
		04C71F3E2A06D3F600417249 /* Arran Coastal Way.geojson */ = {isa = PBXFileReference; fileEncoding = 4; lastKnownFileType = text; path = "Arran Coastal Way.geojson"; sourceTree = "<group>"; };
		04C71F3F2A06D3F600417249 /* Three Lochs Way.geojson */ = {isa = PBXFileReference; fileEncoding = 4; lastKnownFileType = text; path = "Three Lochs Way.geojson"; sourceTree = "<group>"; };
		04C71F402A06D3F600417249 /* Rob Roy Way.geojson */ = {isa = PBXFileReference; fileEncoding = 4; lastKnownFileType = text; path = "Rob Roy Way.geojson"; sourceTree = "<group>"; };
		04C71F412A06D3F600417249 /* Hadrian's Wall Path.geojson */ = {isa = PBXFileReference; fileEncoding = 4; lastKnownFileType = text; path = "Hadrian's Wall Path.geojson"; sourceTree = "<group>"; };
		04C71F422A06D3F600417249 /* South Downs Way.geojson */ = {isa = PBXFileReference; fileEncoding = 4; lastKnownFileType = text; path = "South Downs Way.geojson"; sourceTree = "<group>"; };
		04C71F432A06D3F600417249 /* Cateran Trail.geojson */ = {isa = PBXFileReference; fileEncoding = 4; lastKnownFileType = text; path = "Cateran Trail.geojson"; sourceTree = "<group>"; };
		04C71F442A06D3F600417249 /* Forth & Clyde and Union Canal Towpath.geojson */ = {isa = PBXFileReference; fileEncoding = 4; lastKnownFileType = text; path = "Forth & Clyde and Union Canal Towpath.geojson"; sourceTree = "<group>"; };
		04C71F452A06D3F600417249 /* Dava Way.geojson */ = {isa = PBXFileReference; fileEncoding = 4; lastKnownFileType = text; path = "Dava Way.geojson"; sourceTree = "<group>"; };
		04C71F462A06D3F600417249 /* Moray Coast Trail.geojson */ = {isa = PBXFileReference; fileEncoding = 4; lastKnownFileType = text; path = "Moray Coast Trail.geojson"; sourceTree = "<group>"; };
		04C71F472A06D3F600417249 /* Cotswold Way.geojson */ = {isa = PBXFileReference; fileEncoding = 4; lastKnownFileType = text; path = "Cotswold Way.geojson"; sourceTree = "<group>"; };
		04C71F482A06D3F600417249 /* West Highland Way.geojson */ = {isa = PBXFileReference; fileEncoding = 4; lastKnownFileType = text; path = "West Highland Way.geojson"; sourceTree = "<group>"; };
		04C71F492A06D3F600417249 /* Peddars Way and Norfolk Coast Path.geojson */ = {isa = PBXFileReference; fileEncoding = 4; lastKnownFileType = text; path = "Peddars Way and Norfolk Coast Path.geojson"; sourceTree = "<group>"; };
		04C71F4A2A06D3F600417249 /* Offa's Dyke Path.geojson */ = {isa = PBXFileReference; fileEncoding = 4; lastKnownFileType = text; path = "Offa's Dyke Path.geojson"; sourceTree = "<group>"; };
		04C71F4B2A06D3F600417249 /* South West Coast Path.geojson */ = {isa = PBXFileReference; fileEncoding = 4; lastKnownFileType = text; path = "South West Coast Path.geojson"; sourceTree = "<group>"; };
		04C71F4C2A06D3F600417249 /* North Downs Way.geojson */ = {isa = PBXFileReference; fileEncoding = 4; lastKnownFileType = text; path = "North Downs Way.geojson"; sourceTree = "<group>"; };
		04C71F4D2A06D3F600417249 /* Loch Lomond and Cowal Way.geojson */ = {isa = PBXFileReference; fileEncoding = 4; lastKnownFileType = text; path = "Loch Lomond and Cowal Way.geojson"; sourceTree = "<group>"; };
		04C71F4E2A06D3F600417249 /* Pennine Bridleway.geojson */ = {isa = PBXFileReference; fileEncoding = 4; lastKnownFileType = text; path = "Pennine Bridleway.geojson"; sourceTree = "<group>"; };
		04C71F4F2A06D3F600417249 /* St Cuthbert's Way.geojson */ = {isa = PBXFileReference; fileEncoding = 4; lastKnownFileType = text; path = "St Cuthbert's Way.geojson"; sourceTree = "<group>"; };
		04C71F502A06D3F600417249 /* The Ridgeway.geojson */ = {isa = PBXFileReference; fileEncoding = 4; lastKnownFileType = text; path = "The Ridgeway.geojson"; sourceTree = "<group>"; };
		04C71F512A06D3F600417249 /* Mull of Galloway Trail.geojson */ = {isa = PBXFileReference; fileEncoding = 4; lastKnownFileType = text; path = "Mull of Galloway Trail.geojson"; sourceTree = "<group>"; };
		04C71F522A06D3F600417249 /* Fife Coastal Path.geojson */ = {isa = PBXFileReference; fileEncoding = 4; lastKnownFileType = text; path = "Fife Coastal Path.geojson"; sourceTree = "<group>"; };
		04C71F532A06D3F600417249 /* Ulster Way.geojson */ = {isa = PBXFileReference; fileEncoding = 4; lastKnownFileType = text; path = "Ulster Way.geojson"; sourceTree = "<group>"; };
		04C71F542A06D3F600417249 /* Kintyre Way.geojson */ = {isa = PBXFileReference; fileEncoding = 4; lastKnownFileType = text; path = "Kintyre Way.geojson"; sourceTree = "<group>"; };
		04C71F552A06D3F600417249 /* Ayrshire Coastal Path.geojson */ = {isa = PBXFileReference; fileEncoding = 4; lastKnownFileType = text; path = "Ayrshire Coastal Path.geojson"; sourceTree = "<group>"; };
		04C71F562A06D3F600417249 /* Yorkshire Wolds Way.geojson */ = {isa = PBXFileReference; fileEncoding = 4; lastKnownFileType = text; path = "Yorkshire Wolds Way.geojson"; sourceTree = "<group>"; };
		04C71F572A06D3F600417249 /* Romans and Reivers Route.geojson */ = {isa = PBXFileReference; fileEncoding = 4; lastKnownFileType = text; path = "Romans and Reivers Route.geojson"; sourceTree = "<group>"; };
		04C71F582A06D3F600417249 /* Pennine Way.geojson */ = {isa = PBXFileReference; fileEncoding = 4; lastKnownFileType = text; path = "Pennine Way.geojson"; sourceTree = "<group>"; };
		04C71F592A06D3F600417249 /* Great Glen Way.geojson */ = {isa = PBXFileReference; fileEncoding = 4; lastKnownFileType = text; path = "Great Glen Way.geojson"; sourceTree = "<group>"; };
		04C71F5A2A06D3F600417249 /* Southern Upland Way.geojson */ = {isa = PBXFileReference; fileEncoding = 4; lastKnownFileType = text; path = "Southern Upland Way.geojson"; sourceTree = "<group>"; };
		04C71F5B2A06D3F600417249 /* Formartine and Buchan Way.geojson */ = {isa = PBXFileReference; fileEncoding = 4; lastKnownFileType = text; path = "Formartine and Buchan Way.geojson"; sourceTree = "<group>"; };
		04C71F5C2A06D3F600417249 /* Cleveland Way.geojson */ = {isa = PBXFileReference; fileEncoding = 4; lastKnownFileType = text; path = "Cleveland Way.geojson"; sourceTree = "<group>"; };
		04C71F5D2A06D3F600417249 /* Pembrokeshire Coast Path.geojson */ = {isa = PBXFileReference; fileEncoding = 4; lastKnownFileType = text; path = "Pembrokeshire Coast Path.geojson"; sourceTree = "<group>"; };
		04C71F5E2A06D3F600417249 /* Borders Abbeys Way.geojson */ = {isa = PBXFileReference; fileEncoding = 4; lastKnownFileType = text; path = "Borders Abbeys Way.geojson"; sourceTree = "<group>"; };
		04C71F5F2A06D3F600417249 /* Berwickshire Coastal Path.geojson */ = {isa = PBXFileReference; fileEncoding = 4; lastKnownFileType = text; path = "Berwickshire Coastal Path.geojson"; sourceTree = "<group>"; };
		04C71F602A06D3F600417249 /* Glyndŵr's Way.geojson */ = {isa = PBXFileReference; fileEncoding = 4; lastKnownFileType = text; path = "Glyndŵr's Way.geojson"; sourceTree = "<group>"; };
		04C71F612A06D3F600417249 /* Speyside Way.geojson */ = {isa = PBXFileReference; fileEncoding = 4; lastKnownFileType = text; path = "Speyside Way.geojson"; sourceTree = "<group>"; };
		04C71F622A06D3F600417249 /* Clyde Walkway.geojson */ = {isa = PBXFileReference; fileEncoding = 4; lastKnownFileType = text; path = "Clyde Walkway.geojson"; sourceTree = "<group>"; };
		04C71F632A06D3F600417249 /* River Ayr Way.geojson */ = {isa = PBXFileReference; fileEncoding = 4; lastKnownFileType = text; path = "River Ayr Way.geojson"; sourceTree = "<group>"; };
		04C71F642A06D3F600417249 /* Annandale Way.geojson */ = {isa = PBXFileReference; fileEncoding = 4; lastKnownFileType = text; path = "Annandale Way.geojson"; sourceTree = "<group>"; };
		04C71F652A06D3F600417249 /* John Muir Way.geojson */ = {isa = PBXFileReference; fileEncoding = 4; lastKnownFileType = text; path = "John Muir Way.geojson"; sourceTree = "<group>"; };
		04C71F662A06D3F600417249 /* Cross Borders Drove Road.geojson */ = {isa = PBXFileReference; fileEncoding = 4; lastKnownFileType = text; path = "Cross Borders Drove Road.geojson"; sourceTree = "<group>"; };
		04C71F672A06D3F600417249 /* West Island Way.geojson */ = {isa = PBXFileReference; fileEncoding = 4; lastKnownFileType = text; path = "West Island Way.geojson"; sourceTree = "<group>"; };
		04C71F682A06D3F600417249 /* Great Trossachs Path.geojson */ = {isa = PBXFileReference; fileEncoding = 4; lastKnownFileType = text; path = "Great Trossachs Path.geojson"; sourceTree = "<group>"; };
		04CEDFC329A2E4DA00810005 /* DraggableBar.swift */ = {isa = PBXFileReference; fileEncoding = 4; lastKnownFileType = sourcecode.swift; path = DraggableBar.swift; sourceTree = "<group>"; };
		04CEDFC829A2E50700810005 /* Storage.swift */ = {isa = PBXFileReference; fileEncoding = 4; lastKnownFileType = sourcecode.swift; path = Storage.swift; sourceTree = "<group>"; };
		04CEDFCA29A2E50700810005 /* Store.swift */ = {isa = PBXFileReference; fileEncoding = 4; lastKnownFileType = sourcecode.swift; path = Store.swift; sourceTree = "<group>"; };
		04CEDFDA29A2E60400810005 /* InfoView.swift */ = {isa = PBXFileReference; lastKnownFileType = sourcecode.swift; path = InfoView.swift; sourceTree = "<group>"; };
		04CEDFDC29A2E66200810005 /* DismissCross.swift */ = {isa = PBXFileReference; lastKnownFileType = sourcecode.swift; path = DismissCross.swift; sourceTree = "<group>"; };
		04CEDFE029A2EADB00810005 /* SelectionBar.swift */ = {isa = PBXFileReference; lastKnownFileType = sourcecode.swift; path = SelectionBar.swift; sourceTree = "<group>"; };
		04CEDFE429A2EC3500810005 /* MapButtons.swift */ = {isa = PBXFileReference; lastKnownFileType = sourcecode.swift; path = MapButtons.swift; sourceTree = "<group>"; };
		04E0E90029EEDF9D00EB08CC /* Sheet.swift */ = {isa = PBXFileReference; lastKnownFileType = sourcecode.swift; path = Sheet.swift; sourceTree = "<group>"; };
		04E0E90529EEF5BD00EB08CC /* Int.swift */ = {isa = PBXFileReference; lastKnownFileType = sourcecode.swift; path = Int.swift; sourceTree = "<group>"; };
		04E0E90729EF2BBD00EB08CC /* TrailView.swift */ = {isa = PBXFileReference; lastKnownFileType = sourcecode.swift; path = TrailView.swift; sourceTree = "<group>"; };
		04E0E90B29EF32A800EB08CC /* Font.swift */ = {isa = PBXFileReference; lastKnownFileType = sourcecode.swift; path = Font.swift; sourceTree = "<group>"; };
		04E0E90D29EF33CB00EB08CC /* BigLabel.swift */ = {isa = PBXFileReference; lastKnownFileType = sourcecode.swift; path = BigLabel.swift; sourceTree = "<group>"; };
		04E0E90F29EF65AB00EB08CC /* Animation.swift */ = {isa = PBXFileReference; lastKnownFileType = sourcecode.swift; path = Animation.swift; sourceTree = "<group>"; };
		04E0E91129EF704400EB08CC /* SearchScope.swift */ = {isa = PBXFileReference; lastKnownFileType = sourcecode.swift; path = SearchScope.swift; sourceTree = "<group>"; };
		04E0E91329EF717600EB08CC /* SearchView.swift */ = {isa = PBXFileReference; lastKnownFileType = sourcecode.swift; path = SearchView.swift; sourceTree = "<group>"; };
		04E0E91529F0302500EB08CC /* TrailImage.swift */ = {isa = PBXFileReference; lastKnownFileType = sourcecode.swift; path = TrailImage.swift; sourceTree = "<group>"; };
		04E0E91729F06CFD00EB08CC /* CarbonCopy.swift */ = {isa = PBXFileReference; lastKnownFileType = sourcecode.swift; path = CarbonCopy.swift; sourceTree = "<group>"; };
		04E7185229C7CC0400876116 /* MKCoordinateRegion.swift */ = {isa = PBXFileReference; lastKnownFileType = sourcecode.swift; path = MKCoordinateRegion.swift; sourceTree = "<group>"; };
		04FCA9F22A1BFE50007B5817 /* Search.swift */ = {isa = PBXFileReference; lastKnownFileType = sourcecode.swift; path = Search.swift; sourceTree = "<group>"; };
		04FCA9F42A1C090F007B5817 /* MKPointOfInterestCategory.swift */ = {isa = PBXFileReference; lastKnownFileType = sourcecode.swift; path = MKPointOfInterestCategory.swift; sourceTree = "<group>"; };
		04FFC98A29CA6A4900BF77FD /* EmailView.swift */ = {isa = PBXFileReference; lastKnownFileType = sourcecode.swift; path = EmailView.swift; sourceTree = "<group>"; };
/* End PBXFileReference section */

/* Begin PBXFrameworksBuildPhase section */
		0416F14F299E91B000B90E68 /* Frameworks */ = {
			isa = PBXFrameworksBuildPhase;
			buildActionMask = 2147483647;
			files = (
				0402C6432A0EA09600238C51 /* FirebaseAnalytics in Frameworks */,
			);
			runOnlyForDeploymentPostprocessing = 0;
		};
/* End PBXFrameworksBuildPhase section */

/* Begin PBXGroup section */
		0416F149299E91B000B90E68 = {
			isa = PBXGroup;
			children = (
				0416F154299E91B000B90E68 /* Trails */,
				0416F153299E91B000B90E68 /* Products */,
			);
			sourceTree = "<group>";
		};
		0416F153299E91B000B90E68 /* Products */ = {
			isa = PBXGroup;
			children = (
				0416F152299E91B000B90E68 /* Trails.app */,
			);
			name = Products;
			sourceTree = "<group>";
		};
		0416F154299E91B000B90E68 /* Trails */ = {
			isa = PBXGroup;
			children = (
				0416F18F299EFB9C00B90E68 /* Views */,
				0416F17E299EFB9100B90E68 /* Models */,
				0416F1B729A0591600B90E68 /* Helpers */,
				0416F16F299EF9FC00B90E68 /* Extensions */,
				0416F16E299EF15C00B90E68 /* Resources */,
			);
			path = Trails;
			sourceTree = "<group>";
		};
		0416F16E299EF15C00B90E68 /* Resources */ = {
			isa = PBXGroup;
			children = (
				0402C6482A0EA37B00238C51 /* GoogleService-Info.plist */,
				0416F17C299EFA0B00B90E68 /* Launch Screen.storyboard */,
				0416F159299E91B200B90E68 /* Assets.xcassets */,
				0416F1B4299F02AA00B90E68 /* Trails.xcdatamodeld */,
				04626BF329C1E085004880E3 /* Metadata.json */,
				04C71F3C2A06D3F600417249 /* GeoJSON */,
			);
			path = Resources;
			sourceTree = "<group>";
		};
		0416F16F299EF9FC00B90E68 /* Extensions */ = {
			isa = PBXGroup;
			children = (
				04E0E90F29EF65AB00EB08CC /* Animation.swift */,
				0421202329C90E08003DE52F /* Array.swift */,
				0421202A29C929C1003DE52F /* CLLocation.swift */,
				0416F174299EF9FC00B90E68 /* CLLocationCoordinate2D.swift */,
				0416F171299EF9FC00B90E68 /* Collection.swift */,
				0416F175299EF9FC00B90E68 /* Double.swift */,
				04E0E90B29EF32A800EB08CC /* Font.swift */,
				04E0E90529EEF5BD00EB08CC /* Int.swift */,
				0416F173299EF9FC00B90E68 /* MKMultiPoint.swift */,
				04E7185229C7CC0400876116 /* MKCoordinateRegion.swift */,
				04FCA9F42A1C090F007B5817 /* MKPointOfInterestCategory.swift */,
				0416F1BC29A1692100B90E68 /* NSObject.swift */,
				0402C71E2A1A755000238C51 /* String.swift */,
			);
			path = Extensions;
			sourceTree = "<group>";
		};
		0416F17E299EFB9100B90E68 /* Models */ = {
			isa = PBXGroup;
			children = (
				0416F182299EFB9100B90E68 /* ViewModel.swift */,
				0416F16B299E930400B90E68 /* Trail.swift */,
				0402C7222A1A7D4300238C51 /* TrailTrips.swift */,
				0402C7282A1A954300238C51 /* TrailFilter.swift */,
				0402C7242A1A7D8900238C51 /* TrailSort.swift */,
				04FCA9F22A1BFE50007B5817 /* Search.swift */,
				04E0E91129EF704400EB08CC /* SearchScope.swift */,
				04626BF929C24297004880E3 /* Annotation.swift */,
			);
			name = Models;
			path = Trails/Models;
			sourceTree = SOURCE_ROOT;
		};
		0416F18F299EFB9C00B90E68 /* Views */ = {
			isa = PBXGroup;
			children = (
				0416F190299EFB9C00B90E68 /* SelectBar.swift */,
				04CEDFE029A2EADB00810005 /* SelectionBar.swift */,
				0416F155299E91B000B90E68 /* TrailsApp.swift */,
				0416F192299EFB9C00B90E68 /* RootView.swift */,
				0416F191299EFB9C00B90E68 /* MapView.swift */,
				04CEDFE429A2EC3500810005 /* MapButtons.swift */,
				04626BFD29C24EE7004880E3 /* TrailsView.swift */,
				04626BFF29C25714004880E3 /* TrailRow.swift */,
				04E0E90729EF2BBD00EB08CC /* TrailView.swift */,
				04E0E91529F0302500EB08CC /* TrailImage.swift */,
				04E0E91329EF717600EB08CC /* SearchView.swift */,
				04CEDFDA29A2E60400810005 /* InfoView.swift */,
				0421202729C91CDC003DE52F /* Web */,
				0416F196299EFB9C00B90E68 /* Extra */,
			);
			path = Views;
			sourceTree = "<group>";
		};
		0416F196299EFB9C00B90E68 /* Extra */ = {
			isa = PBXGroup;
			children = (
				04E0E91729F06CFD00EB08CC /* CarbonCopy.swift */,
				04CEDFDC29A2E66200810005 /* DismissCross.swift */,
				04CEDFC329A2E4DA00810005 /* DraggableBar.swift */,
				04FFC98A29CA6A4900BF77FD /* EmailView.swift */,
				0416F195299EFB9C00B90E68 /* ShareView.swift */,
				0416F198299EFB9C00B90E68 /* SearchBar.swift */,
				04E0E90029EEDF9D00EB08CC /* Sheet.swift */,
				0416F170299EF9FC00B90E68 /* View.swift */,
			);
			path = Extra;
			sourceTree = "<group>";
		};
		0416F1B729A0591600B90E68 /* Helpers */ = {
			isa = PBXGroup;
			children = (
				0402C6442A0EA0BD00238C51 /* Analytics.swift */,
				0402C71C2A1A74B900238C51 /* Constants.swift */,
				0402C6462A0EA12700238C51 /* Emails.swift */,
				0416F183299EFB9100B90E68 /* Haptics.swift */,
				0402C7202A1A780400238C51 /* SizeDetector.swift */,
				04CEDFC829A2E50700810005 /* Storage.swift */,
				04CEDFCA29A2E50700810005 /* Store.swift */,
			);
			path = Helpers;
			sourceTree = "<group>";
		};
		0421202729C91CDC003DE52F /* Web */ = {
			isa = PBXGroup;
			children = (
				048E5F1F29C38A0A0080355B /* WebView.swift */,
				0421202829C91E03003DE52F /* WebUIView.swift */,
				048E5F2129C38A930080355B /* WebVM.swift */,
				0421202529C9184D003DE52F /* WiFiError.swift */,
				04E0E90D29EF33CB00EB08CC /* BigLabel.swift */,
			);
			path = Web;
			sourceTree = "<group>";
		};
		04C71F3C2A06D3F600417249 /* GeoJSON */ = {
			isa = PBXGroup;
			children = (
				04C71F3D2A06D3F600417249 /* Thames Path.geojson */,
				04C71F3E2A06D3F600417249 /* Arran Coastal Way.geojson */,
				04C71F3F2A06D3F600417249 /* Three Lochs Way.geojson */,
				04C71F402A06D3F600417249 /* Rob Roy Way.geojson */,
				04C71F412A06D3F600417249 /* Hadrian's Wall Path.geojson */,
				04C71F422A06D3F600417249 /* South Downs Way.geojson */,
				04C71F432A06D3F600417249 /* Cateran Trail.geojson */,
				04C71F442A06D3F600417249 /* Forth & Clyde and Union Canal Towpath.geojson */,
				04C71F452A06D3F600417249 /* Dava Way.geojson */,
				04C71F462A06D3F600417249 /* Moray Coast Trail.geojson */,
				04C71F472A06D3F600417249 /* Cotswold Way.geojson */,
				04C71F482A06D3F600417249 /* West Highland Way.geojson */,
				04C71F492A06D3F600417249 /* Peddars Way and Norfolk Coast Path.geojson */,
				04C71F4A2A06D3F600417249 /* Offa's Dyke Path.geojson */,
				04C71F4B2A06D3F600417249 /* South West Coast Path.geojson */,
				04C71F4C2A06D3F600417249 /* North Downs Way.geojson */,
				04C71F4D2A06D3F600417249 /* Loch Lomond and Cowal Way.geojson */,
				04C71F4E2A06D3F600417249 /* Pennine Bridleway.geojson */,
				04C71F4F2A06D3F600417249 /* St Cuthbert's Way.geojson */,
				04C71F502A06D3F600417249 /* The Ridgeway.geojson */,
				04C71F512A06D3F600417249 /* Mull of Galloway Trail.geojson */,
				04C71F522A06D3F600417249 /* Fife Coastal Path.geojson */,
				04C71F532A06D3F600417249 /* Ulster Way.geojson */,
				04C71F542A06D3F600417249 /* Kintyre Way.geojson */,
				04C71F552A06D3F600417249 /* Ayrshire Coastal Path.geojson */,
				04C71F562A06D3F600417249 /* Yorkshire Wolds Way.geojson */,
				04C71F572A06D3F600417249 /* Romans and Reivers Route.geojson */,
				04C71F582A06D3F600417249 /* Pennine Way.geojson */,
				04C71F592A06D3F600417249 /* Great Glen Way.geojson */,
				04C71F5A2A06D3F600417249 /* Southern Upland Way.geojson */,
				04C71F5B2A06D3F600417249 /* Formartine and Buchan Way.geojson */,
				04C71F5C2A06D3F600417249 /* Cleveland Way.geojson */,
				04C71F5D2A06D3F600417249 /* Pembrokeshire Coast Path.geojson */,
				04C71F5E2A06D3F600417249 /* Borders Abbeys Way.geojson */,
				04C71F5F2A06D3F600417249 /* Berwickshire Coastal Path.geojson */,
				04C71F602A06D3F600417249 /* Glyndŵr's Way.geojson */,
				04C71F612A06D3F600417249 /* Speyside Way.geojson */,
				04C71F622A06D3F600417249 /* Clyde Walkway.geojson */,
				04C71F632A06D3F600417249 /* River Ayr Way.geojson */,
				04C71F642A06D3F600417249 /* Annandale Way.geojson */,
				04C71F652A06D3F600417249 /* John Muir Way.geojson */,
				04C71F662A06D3F600417249 /* Cross Borders Drove Road.geojson */,
				04C71F672A06D3F600417249 /* West Island Way.geojson */,
				04C71F682A06D3F600417249 /* Great Trossachs Path.geojson */,
			);
			path = GeoJSON;
			sourceTree = "<group>";
		};
/* End PBXGroup section */

/* Begin PBXNativeTarget section */
		0416F151299E91B000B90E68 /* Trails */ = {
			isa = PBXNativeTarget;
			buildConfigurationList = 0416F160299E91B200B90E68 /* Build configuration list for PBXNativeTarget "Trails" */;
			buildPhases = (
				0416F14E299E91B000B90E68 /* Sources */,
				0416F14F299E91B000B90E68 /* Frameworks */,
				0416F150299E91B000B90E68 /* Resources */,
			);
			buildRules = (
			);
			dependencies = (
			);
			name = Trails;
			packageProductDependencies = (
				0402C6422A0EA09600238C51 /* FirebaseAnalytics */,
			);
			productName = Trails;
			productReference = 0416F152299E91B000B90E68 /* Trails.app */;
			productType = "com.apple.product-type.application";
		};
/* End PBXNativeTarget section */

/* Begin PBXProject section */
		0416F14A299E91B000B90E68 /* Project object */ = {
			isa = PBXProject;
			attributes = {
				BuildIndependentTargetsInParallel = 1;
				LastSwiftUpdateCheck = 1410;
				LastUpgradeCheck = 1410;
				TargetAttributes = {
					0416F151299E91B000B90E68 = {
						CreatedOnToolsVersion = 14.1;
					};
				};
			};
			buildConfigurationList = 0416F14D299E91B000B90E68 /* Build configuration list for PBXProject "Trails" */;
			compatibilityVersion = "Xcode 14.0";
			developmentRegion = en;
			hasScannedForEncodings = 0;
			knownRegions = (
				en,
				Base,
			);
			mainGroup = 0416F149299E91B000B90E68;
			packageReferences = (
				0402C6412A0EA09600238C51 /* XCRemoteSwiftPackageReference "firebase-ios-sdk" */,
			);
			productRefGroup = 0416F153299E91B000B90E68 /* Products */;
			projectDirPath = "";
			projectRoot = "";
			targets = (
				0416F151299E91B000B90E68 /* Trails */,
			);
		};
/* End PBXProject section */

/* Begin PBXResourcesBuildPhase section */
		0416F150299E91B000B90E68 /* Resources */ = {
			isa = PBXResourcesBuildPhase;
			buildActionMask = 2147483647;
			files = (
				04C71F8B2A06D3F600417249 /* Berwickshire Coastal Path.geojson in Resources */,
				04C71F712A06D3F600417249 /* Dava Way.geojson in Resources */,
				04C71F7B2A06D3F600417249 /* St Cuthbert's Way.geojson in Resources */,
				04C71F932A06D3F600417249 /* West Island Way.geojson in Resources */,
				04C71F7E2A06D3F600417249 /* Fife Coastal Path.geojson in Resources */,
				04C71F852A06D3F600417249 /* Great Glen Way.geojson in Resources */,
				04C71F762A06D3F600417249 /* Offa's Dyke Path.geojson in Resources */,
				04C71F8D2A06D3F600417249 /* Speyside Way.geojson in Resources */,
				04C71F8F2A06D3F600417249 /* River Ayr Way.geojson in Resources */,
				04C71F6C2A06D3F600417249 /* Rob Roy Way.geojson in Resources */,
				04C71F792A06D3F600417249 /* Loch Lomond and Cowal Way.geojson in Resources */,
				04C71F942A06D3F600417249 /* Great Trossachs Path.geojson in Resources */,
				04626BF529C1E086004880E3 /* Metadata.json in Resources */,
				04C71F872A06D3F600417249 /* Formartine and Buchan Way.geojson in Resources */,
				04C71F822A06D3F600417249 /* Yorkshire Wolds Way.geojson in Resources */,
				04C71F6A2A06D3F600417249 /* Arran Coastal Way.geojson in Resources */,
				04C71F722A06D3F600417249 /* Moray Coast Trail.geojson in Resources */,
				04C71F892A06D3F600417249 /* Pembrokeshire Coast Path.geojson in Resources */,
				04C71F692A06D3F600417249 /* Thames Path.geojson in Resources */,
				04C71F752A06D3F600417249 /* Peddars Way and Norfolk Coast Path.geojson in Resources */,
				04C71F7F2A06D3F600417249 /* Ulster Way.geojson in Resources */,
				04C71F8C2A06D3F600417249 /* Glyndŵr's Way.geojson in Resources */,
				04C71F6F2A06D3F600417249 /* Cateran Trail.geojson in Resources */,
				04C71F6D2A06D3F600417249 /* Hadrian's Wall Path.geojson in Resources */,
				04C71F902A06D3F600417249 /* Annandale Way.geojson in Resources */,
				04C71F882A06D3F600417249 /* Cleveland Way.geojson in Resources */,
				04C71F7D2A06D3F600417249 /* Mull of Galloway Trail.geojson in Resources */,
				04C71F742A06D3F600417249 /* West Highland Way.geojson in Resources */,
				04C71F6E2A06D3F600417249 /* South Downs Way.geojson in Resources */,
				04C71F7C2A06D3F600417249 /* The Ridgeway.geojson in Resources */,
				04C71F7A2A06D3F600417249 /* Pennine Bridleway.geojson in Resources */,
				04C71F8A2A06D3F600417249 /* Borders Abbeys Way.geojson in Resources */,
				04C71F812A06D3F600417249 /* Ayrshire Coastal Path.geojson in Resources */,
				04C71F922A06D3F600417249 /* Cross Borders Drove Road.geojson in Resources */,
				04C71F732A06D3F600417249 /* Cotswold Way.geojson in Resources */,
				04C71F862A06D3F600417249 /* Southern Upland Way.geojson in Resources */,
				04C71F842A06D3F600417249 /* Pennine Way.geojson in Resources */,
				0416F17D299EFA0B00B90E68 /* Launch Screen.storyboard in Resources */,
				04C71F782A06D3F600417249 /* North Downs Way.geojson in Resources */,
				04C71F832A06D3F600417249 /* Romans and Reivers Route.geojson in Resources */,
				04C71F802A06D3F600417249 /* Kintyre Way.geojson in Resources */,
				0402C6492A0EA37B00238C51 /* GoogleService-Info.plist in Resources */,
				04C71F6B2A06D3F600417249 /* Three Lochs Way.geojson in Resources */,
				04C71F772A06D3F600417249 /* South West Coast Path.geojson in Resources */,
				0416F15A299E91B200B90E68 /* Assets.xcassets in Resources */,
				04C71F912A06D3F600417249 /* John Muir Way.geojson in Resources */,
				04C71F8E2A06D3F600417249 /* Clyde Walkway.geojson in Resources */,
				04C71F702A06D3F600417249 /* Forth & Clyde and Union Canal Towpath.geojson in Resources */,
			);
			runOnlyForDeploymentPostprocessing = 0;
		};
/* End PBXResourcesBuildPhase section */

/* Begin PBXSourcesBuildPhase section */
		0416F14E299E91B000B90E68 /* Sources */ = {
			isa = PBXSourcesBuildPhase;
			buildActionMask = 2147483647;
			files = (
				0416F18B299EFB9100B90E68 /* Haptics.swift in Sources */,
				0416F1BD29A1692100B90E68 /* NSObject.swift in Sources */,
				04CEDFC629A2E4DA00810005 /* DraggableBar.swift in Sources */,
				04E0E90629EEF5BD00EB08CC /* Int.swift in Sources */,
				0402C6472A0EA12700238C51 /* Emails.swift in Sources */,
				0421202929C91E03003DE52F /* WebUIView.swift in Sources */,
				04CEDFE129A2EADB00810005 /* SelectionBar.swift in Sources */,
				04CEDFDD29A2E66200810005 /* DismissCross.swift in Sources */,
				04E7185329C7CC0400876116 /* MKCoordinateRegion.swift in Sources */,
				04E0E91629F0302500EB08CC /* TrailImage.swift in Sources */,
				0416F1A5299EFB9D00B90E68 /* ShareView.swift in Sources */,
				04626C0029C25714004880E3 /* TrailRow.swift in Sources */,
				0416F16C299E930400B90E68 /* Trail.swift in Sources */,
				04CEDFCD29A2E50700810005 /* Store.swift in Sources */,
				0416F1A7299EFB9D00B90E68 /* SearchBar.swift in Sources */,
				0416F1A3299EFB9D00B90E68 /* RootView.swift in Sources */,
				04CEDFCB29A2E50700810005 /* Storage.swift in Sources */,
				0416F17A299EF9FC00B90E68 /* CLLocationCoordinate2D.swift in Sources */,
				0416F176299EF9FC00B90E68 /* View.swift in Sources */,
				04626BFA29C24297004880E3 /* Annotation.swift in Sources */,
				0416F1B6299F02AA00B90E68 /* Trails.xcdatamodeld in Sources */,
				0421202429C90E08003DE52F /* Array.swift in Sources */,
				04E0E91029EF65AB00EB08CC /* Animation.swift in Sources */,
				04E0E90129EEDF9D00EB08CC /* Sheet.swift in Sources */,
				0402C71D2A1A74B900238C51 /* Constants.swift in Sources */,
				0402C7232A1A7D4300238C51 /* TrailTrips.swift in Sources */,
				0402C7292A1A954300238C51 /* TrailFilter.swift in Sources */,
				04E0E90829EF2BBD00EB08CC /* TrailView.swift in Sources */,
				0421202629C9184D003DE52F /* WiFiError.swift in Sources */,
				0416F18A299EFB9100B90E68 /* ViewModel.swift in Sources */,
				048E5F2029C38A0A0080355B /* WebView.swift in Sources */,
				04CEDFDB29A2E60400810005 /* InfoView.swift in Sources */,
				0421202B29C929C1003DE52F /* CLLocation.swift in Sources */,
				04626BFE29C24EE7004880E3 /* TrailsView.swift in Sources */,
				04FCA9F32A1BFE50007B5817 /* Search.swift in Sources */,
				0402C7252A1A7D8900238C51 /* TrailSort.swift in Sources */,
				0402C7212A1A780400238C51 /* SizeDetector.swift in Sources */,
				04FFC98B29CA6A4900BF77FD /* EmailView.swift in Sources */,
				0416F177299EF9FC00B90E68 /* Collection.swift in Sources */,
				0416F179299EF9FC00B90E68 /* MKMultiPoint.swift in Sources */,
				0402C6452A0EA0BD00238C51 /* Analytics.swift in Sources */,
				0416F17B299EF9FC00B90E68 /* Double.swift in Sources */,
				04E0E91429EF717600EB08CC /* SearchView.swift in Sources */,
				04E0E90C29EF32A800EB08CC /* Font.swift in Sources */,
				04E0E91229EF704400EB08CC /* SearchScope.swift in Sources */,
				04CEDFE529A2EC3500810005 /* MapButtons.swift in Sources */,
				0416F1A2299EFB9D00B90E68 /* MapView.swift in Sources */,
				04E0E90E29EF33CB00EB08CC /* BigLabel.swift in Sources */,
				0416F1A1299EFB9D00B90E68 /* SelectBar.swift in Sources */,
				0416F156299E91B000B90E68 /* TrailsApp.swift in Sources */,
				0402C71F2A1A755000238C51 /* String.swift in Sources */,
				048E5F2229C38A930080355B /* WebVM.swift in Sources */,
				04E0E91829F06CFD00EB08CC /* CarbonCopy.swift in Sources */,
				04FCA9F52A1C090F007B5817 /* MKPointOfInterestCategory.swift in Sources */,
			);
			runOnlyForDeploymentPostprocessing = 0;
		};
/* End PBXSourcesBuildPhase section */

/* Begin XCBuildConfiguration section */
		0416F15E299E91B200B90E68 /* Debug */ = {
			isa = XCBuildConfiguration;
			buildSettings = {
				ALWAYS_SEARCH_USER_PATHS = NO;
				CLANG_ANALYZER_NONNULL = YES;
				CLANG_ANALYZER_NUMBER_OBJECT_CONVERSION = YES_AGGRESSIVE;
				CLANG_CXX_LANGUAGE_STANDARD = "gnu++20";
				CLANG_ENABLE_MODULES = YES;
				CLANG_ENABLE_OBJC_ARC = YES;
				CLANG_ENABLE_OBJC_WEAK = YES;
				CLANG_WARN_BLOCK_CAPTURE_AUTORELEASING = YES;
				CLANG_WARN_BOOL_CONVERSION = YES;
				CLANG_WARN_COMMA = YES;
				CLANG_WARN_CONSTANT_CONVERSION = YES;
				CLANG_WARN_DEPRECATED_OBJC_IMPLEMENTATIONS = YES;
				CLANG_WARN_DIRECT_OBJC_ISA_USAGE = YES_ERROR;
				CLANG_WARN_DOCUMENTATION_COMMENTS = YES;
				CLANG_WARN_EMPTY_BODY = YES;
				CLANG_WARN_ENUM_CONVERSION = YES;
				CLANG_WARN_INFINITE_RECURSION = YES;
				CLANG_WARN_INT_CONVERSION = YES;
				CLANG_WARN_NON_LITERAL_NULL_CONVERSION = YES;
				CLANG_WARN_OBJC_IMPLICIT_RETAIN_SELF = YES;
				CLANG_WARN_OBJC_LITERAL_CONVERSION = YES;
				CLANG_WARN_OBJC_ROOT_CLASS = YES_ERROR;
				CLANG_WARN_QUOTED_INCLUDE_IN_FRAMEWORK_HEADER = YES;
				CLANG_WARN_RANGE_LOOP_ANALYSIS = YES;
				CLANG_WARN_STRICT_PROTOTYPES = YES;
				CLANG_WARN_SUSPICIOUS_MOVE = YES;
				CLANG_WARN_UNGUARDED_AVAILABILITY = YES_AGGRESSIVE;
				CLANG_WARN_UNREACHABLE_CODE = YES;
				CLANG_WARN__DUPLICATE_METHOD_MATCH = YES;
				COPY_PHASE_STRIP = NO;
				DEBUG_INFORMATION_FORMAT = dwarf;
				ENABLE_STRICT_OBJC_MSGSEND = YES;
				ENABLE_TESTABILITY = YES;
				GCC_C_LANGUAGE_STANDARD = gnu11;
				GCC_DYNAMIC_NO_PIC = NO;
				GCC_NO_COMMON_BLOCKS = YES;
				GCC_OPTIMIZATION_LEVEL = 0;
				GCC_PREPROCESSOR_DEFINITIONS = (
					"DEBUG=1",
					"$(inherited)",
				);
				GCC_WARN_64_TO_32_BIT_CONVERSION = YES;
				GCC_WARN_ABOUT_RETURN_TYPE = YES_ERROR;
				GCC_WARN_UNDECLARED_SELECTOR = YES;
				GCC_WARN_UNINITIALIZED_AUTOS = YES_AGGRESSIVE;
				GCC_WARN_UNUSED_FUNCTION = YES;
				GCC_WARN_UNUSED_VARIABLE = YES;
				IPHONEOS_DEPLOYMENT_TARGET = 16.1;
				MTL_ENABLE_DEBUG_INFO = INCLUDE_SOURCE;
				MTL_FAST_MATH = YES;
				ONLY_ACTIVE_ARCH = YES;
				SDKROOT = iphoneos;
				SWIFT_ACTIVE_COMPILATION_CONDITIONS = DEBUG;
				SWIFT_OPTIMIZATION_LEVEL = "-Onone";
			};
			name = Debug;
		};
		0416F15F299E91B200B90E68 /* Release */ = {
			isa = XCBuildConfiguration;
			buildSettings = {
				ALWAYS_SEARCH_USER_PATHS = NO;
				CLANG_ANALYZER_NONNULL = YES;
				CLANG_ANALYZER_NUMBER_OBJECT_CONVERSION = YES_AGGRESSIVE;
				CLANG_CXX_LANGUAGE_STANDARD = "gnu++20";
				CLANG_ENABLE_MODULES = YES;
				CLANG_ENABLE_OBJC_ARC = YES;
				CLANG_ENABLE_OBJC_WEAK = YES;
				CLANG_WARN_BLOCK_CAPTURE_AUTORELEASING = YES;
				CLANG_WARN_BOOL_CONVERSION = YES;
				CLANG_WARN_COMMA = YES;
				CLANG_WARN_CONSTANT_CONVERSION = YES;
				CLANG_WARN_DEPRECATED_OBJC_IMPLEMENTATIONS = YES;
				CLANG_WARN_DIRECT_OBJC_ISA_USAGE = YES_ERROR;
				CLANG_WARN_DOCUMENTATION_COMMENTS = YES;
				CLANG_WARN_EMPTY_BODY = YES;
				CLANG_WARN_ENUM_CONVERSION = YES;
				CLANG_WARN_INFINITE_RECURSION = YES;
				CLANG_WARN_INT_CONVERSION = YES;
				CLANG_WARN_NON_LITERAL_NULL_CONVERSION = YES;
				CLANG_WARN_OBJC_IMPLICIT_RETAIN_SELF = YES;
				CLANG_WARN_OBJC_LITERAL_CONVERSION = YES;
				CLANG_WARN_OBJC_ROOT_CLASS = YES_ERROR;
				CLANG_WARN_QUOTED_INCLUDE_IN_FRAMEWORK_HEADER = YES;
				CLANG_WARN_RANGE_LOOP_ANALYSIS = YES;
				CLANG_WARN_STRICT_PROTOTYPES = YES;
				CLANG_WARN_SUSPICIOUS_MOVE = YES;
				CLANG_WARN_UNGUARDED_AVAILABILITY = YES_AGGRESSIVE;
				CLANG_WARN_UNREACHABLE_CODE = YES;
				CLANG_WARN__DUPLICATE_METHOD_MATCH = YES;
				COPY_PHASE_STRIP = NO;
				DEBUG_INFORMATION_FORMAT = "dwarf-with-dsym";
				ENABLE_NS_ASSERTIONS = NO;
				ENABLE_STRICT_OBJC_MSGSEND = YES;
				GCC_C_LANGUAGE_STANDARD = gnu11;
				GCC_NO_COMMON_BLOCKS = YES;
				GCC_WARN_64_TO_32_BIT_CONVERSION = YES;
				GCC_WARN_ABOUT_RETURN_TYPE = YES_ERROR;
				GCC_WARN_UNDECLARED_SELECTOR = YES;
				GCC_WARN_UNINITIALIZED_AUTOS = YES_AGGRESSIVE;
				GCC_WARN_UNUSED_FUNCTION = YES;
				GCC_WARN_UNUSED_VARIABLE = YES;
				IPHONEOS_DEPLOYMENT_TARGET = 16.1;
				MTL_ENABLE_DEBUG_INFO = NO;
				MTL_FAST_MATH = YES;
				SDKROOT = iphoneos;
				SWIFT_COMPILATION_MODE = wholemodule;
				SWIFT_OPTIMIZATION_LEVEL = "-O";
				VALIDATE_PRODUCT = YES;
			};
			name = Release;
		};
		0416F161299E91B200B90E68 /* Debug */ = {
			isa = XCBuildConfiguration;
			buildSettings = {
				ASSETCATALOG_COMPILER_APPICON_NAME = AppIcon;
				ASSETCATALOG_COMPILER_GLOBAL_ACCENT_COLOR_NAME = AccentColor;
				CODE_SIGN_STYLE = Automatic;
				CURRENT_PROJECT_VERSION = 1;
				DEVELOPMENT_ASSET_PATHS = "";
				DEVELOPMENT_TEAM = 4CQW4CFFYT;
				ENABLE_PREVIEWS = YES;
				GENERATE_INFOPLIST_FILE = YES;
				INFOPLIST_KEY_CFBundleDisplayName = "UK Trails";
				INFOPLIST_KEY_NSLocationWhenInUseUsageDescription = "Your location is shown on the map";
				INFOPLIST_KEY_UIApplicationSceneManifest_Generation = YES;
				INFOPLIST_KEY_UIApplicationSupportsIndirectInputEvents = YES;
				INFOPLIST_KEY_UILaunchScreen_Generation = YES;
				INFOPLIST_KEY_UILaunchStoryboardName = "Launch Screen.storyboard";
				INFOPLIST_KEY_UIStatusBarStyle = "";
				INFOPLIST_KEY_UISupportedInterfaceOrientations = "UIInterfaceOrientationLandscapeLeft UIInterfaceOrientationLandscapeRight UIInterfaceOrientationPortrait UIInterfaceOrientationPortraitUpsideDown";
				IPHONEOS_DEPLOYMENT_TARGET = 15.0;
				LD_RUNPATH_SEARCH_PATHS = (
					"$(inherited)",
					"@executable_path/Frameworks",
				);
				MARKETING_VERSION = 1.0;
				PRODUCT_BUNDLE_IDENTIFIER = com.jackfinnis.Trails;
				PRODUCT_NAME = "$(TARGET_NAME)";
				SWIFT_EMIT_LOC_STRINGS = YES;
				SWIFT_VERSION = 5.0;
				TARGETED_DEVICE_FAMILY = "1,2";
			};
			name = Debug;
		};
		0416F162299E91B200B90E68 /* Release */ = {
			isa = XCBuildConfiguration;
			buildSettings = {
				ASSETCATALOG_COMPILER_APPICON_NAME = AppIcon;
				ASSETCATALOG_COMPILER_GLOBAL_ACCENT_COLOR_NAME = AccentColor;
				CODE_SIGN_STYLE = Automatic;
				CURRENT_PROJECT_VERSION = 1;
				DEVELOPMENT_ASSET_PATHS = "";
				DEVELOPMENT_TEAM = 4CQW4CFFYT;
				ENABLE_PREVIEWS = YES;
				GENERATE_INFOPLIST_FILE = YES;
				INFOPLIST_KEY_CFBundleDisplayName = "UK Trails";
				INFOPLIST_KEY_NSLocationWhenInUseUsageDescription = "Your location is shown on the map";
				INFOPLIST_KEY_UIApplicationSceneManifest_Generation = YES;
				INFOPLIST_KEY_UIApplicationSupportsIndirectInputEvents = YES;
				INFOPLIST_KEY_UILaunchScreen_Generation = YES;
				INFOPLIST_KEY_UILaunchStoryboardName = "Launch Screen.storyboard";
				INFOPLIST_KEY_UIStatusBarStyle = "";
				INFOPLIST_KEY_UISupportedInterfaceOrientations = "UIInterfaceOrientationLandscapeLeft UIInterfaceOrientationLandscapeRight UIInterfaceOrientationPortrait UIInterfaceOrientationPortraitUpsideDown";
				IPHONEOS_DEPLOYMENT_TARGET = 15.0;
				LD_RUNPATH_SEARCH_PATHS = (
					"$(inherited)",
					"@executable_path/Frameworks",
				);
				MARKETING_VERSION = 1.0;
				PRODUCT_BUNDLE_IDENTIFIER = com.jackfinnis.Trails;
				PRODUCT_NAME = "$(TARGET_NAME)";
				SWIFT_EMIT_LOC_STRINGS = YES;
				SWIFT_VERSION = 5.0;
				TARGETED_DEVICE_FAMILY = "1,2";
			};
			name = Release;
		};
/* End XCBuildConfiguration section */

/* Begin XCConfigurationList section */
		0416F14D299E91B000B90E68 /* Build configuration list for PBXProject "Trails" */ = {
			isa = XCConfigurationList;
			buildConfigurations = (
				0416F15E299E91B200B90E68 /* Debug */,
				0416F15F299E91B200B90E68 /* Release */,
			);
			defaultConfigurationIsVisible = 0;
			defaultConfigurationName = Release;
		};
		0416F160299E91B200B90E68 /* Build configuration list for PBXNativeTarget "Trails" */ = {
			isa = XCConfigurationList;
			buildConfigurations = (
				0416F161299E91B200B90E68 /* Debug */,
				0416F162299E91B200B90E68 /* Release */,
			);
			defaultConfigurationIsVisible = 0;
			defaultConfigurationName = Release;
		};
/* End XCConfigurationList section */

/* Begin XCRemoteSwiftPackageReference section */
		0402C6412A0EA09600238C51 /* XCRemoteSwiftPackageReference "firebase-ios-sdk" */ = {
			isa = XCRemoteSwiftPackageReference;
			repositoryURL = "https://github.com/firebase/firebase-ios-sdk.git";
			requirement = {
				kind = upToNextMajorVersion;
				minimumVersion = 10.0.0;
			};
		};
/* End XCRemoteSwiftPackageReference section */

/* Begin XCSwiftPackageProductDependency section */
		0402C6422A0EA09600238C51 /* FirebaseAnalytics */ = {
			isa = XCSwiftPackageProductDependency;
			package = 0402C6412A0EA09600238C51 /* XCRemoteSwiftPackageReference "firebase-ios-sdk" */;
			productName = FirebaseAnalytics;
		};
/* End XCSwiftPackageProductDependency section */

/* Begin XCVersionGroup section */
		0416F1B4299F02AA00B90E68 /* Trails.xcdatamodeld */ = {
			isa = XCVersionGroup;
			children = (
				0416F1B5299F02AA00B90E68 /* Trails.xcdatamodel */,
			);
			currentVersion = 0416F1B5299F02AA00B90E68 /* Trails.xcdatamodel */;
			path = Trails.xcdatamodeld;
			sourceTree = "<group>";
			versionGroupType = wrapper.xcdatamodel;
		};
/* End XCVersionGroup section */
	};
	rootObject = 0416F14A299E91B000B90E68 /* Project object */;
}
